
Microsoft Visual Studio Solution File, Format Version 11.00
# Visual Studio 2010
Project("{FAE04EC0-301F-11D3-BF4B-00C04F79EFBC}") = "Assembly-CSharp", "Assembly-CSharp.csproj", "{0B50EEDA-0E36-29DD-95EB-C5AF33960DA6}"
EndProject
Project("{FAE04EC0-301F-11D3-BF4B-00C04F79EFBC}") = "Assembly-CSharp-Editor", "Assembly-CSharp-Editor.csproj", "{A49F53E5-8F23-4A24-7454-9D80AEF49528}"
EndProject
Global
	GlobalSection(SolutionConfigurationPlatforms) = preSolution
		Debug|Any CPU = Debug|Any CPU
		Release|Any CPU = Release|Any CPU
	EndGlobalSection
	GlobalSection(ProjectConfigurationPlatforms) = postSolution
		{0B50EEDA-0E36-29DD-95EB-C5AF33960DA6}.Debug|Any CPU.ActiveCfg = Debug|Any CPU
		{0B50EEDA-0E36-29DD-95EB-C5AF33960DA6}.Debug|Any CPU.Build.0 = Debug|Any CPU
		{0B50EEDA-0E36-29DD-95EB-C5AF33960DA6}.Release|Any CPU.ActiveCfg = Release|Any CPU
		{0B50EEDA-0E36-29DD-95EB-C5AF33960DA6}.Release|Any CPU.Build.0 = Release|Any CPU
		{A49F53E5-8F23-4A24-7454-9D80AEF49528}.Debug|Any CPU.ActiveCfg = Debug|Any CPU
		{A49F53E5-8F23-4A24-7454-9D80AEF49528}.Debug|Any CPU.Build.0 = Debug|Any CPU
		{A49F53E5-8F23-4A24-7454-9D80AEF49528}.Release|Any CPU.ActiveCfg = Release|Any CPU
		{A49F53E5-8F23-4A24-7454-9D80AEF49528}.Release|Any CPU.Build.0 = Release|Any CPU
	EndGlobalSection
	GlobalSection(SolutionProperties) = preSolution
		HideSolutionNode = FALSE
	EndGlobalSection
EndGlobal
